// !$*UTF8*$!
{
	archiveVersion = 1;
	classes = {
	};
	objectVersion = 46;
	objects = {

/* Begin PBXBuildFile section */
		79202FC81A07A40E002FD3DA /* ArrowLastPage.png in Resources */ = {isa = PBXBuildFile; fileRef = 79202FBE1A07A40E002FD3DA /* ArrowLastPage.png */; };
		79202FCA1A07A40E002FD3DA /* ArrowNextPage.png in Resources */ = {isa = PBXBuildFile; fileRef = 79202FC01A07A40E002FD3DA /* ArrowNextPage.png */; };
		79202FCC1A07A40E002FD3DA /* camera.png in Resources */ = {isa = PBXBuildFile; fileRef = 79202FC21A07A40E002FD3DA /* camera.png */; };
		79202FCE1A07A40E002FD3DA /* star.png in Resources */ = {isa = PBXBuildFile; fileRef = 79202FC41A07A40E002FD3DA /* star.png */; };
		79202FD01A07A40E002FD3DA /* starHiglighted.png in Resources */ = {isa = PBXBuildFile; fileRef = 79202FC61A07A40E002FD3DA /* starHiglighted.png */; };
		79202FD71A07A44A002FD3DA /* ArrowLastPage@2x.png in Resources */ = {isa = PBXBuildFile; fileRef = 79202FD21A07A44A002FD3DA /* ArrowLastPage@2x.png */; };
		79202FD81A07A44A002FD3DA /* ArrowNextPage@2x.png in Resources */ = {isa = PBXBuildFile; fileRef = 79202FD31A07A44A002FD3DA /* ArrowNextPage@2x.png */; };
		79202FD91A07A44A002FD3DA /* camera@2x.png in Resources */ = {isa = PBXBuildFile; fileRef = 79202FD41A07A44A002FD3DA /* camera@2x.png */; };
		79202FDA1A07A44A002FD3DA /* star@2x.png in Resources */ = {isa = PBXBuildFile; fileRef = 79202FD51A07A44A002FD3DA /* star@2x.png */; };
		79202FDB1A07A44A002FD3DA /* starHiglighted@2x.png in Resources */ = {isa = PBXBuildFile; fileRef = 79202FD61A07A44A002FD3DA /* starHiglighted@2x.png */; };
		79202FDE1A07A56B002FD3DA /* FSTableViewController.m in Sources */ = {isa = PBXBuildFile; fileRef = 79202FDD1A07A56B002FD3DA /* FSTableViewController.m */; };
		79202FE01A07B2CF002FD3DA /* Accounts.framework in Frameworks */ = {isa = PBXBuildFile; fileRef = 79202FDF1A07B2CF002FD3DA /* Accounts.framework */; };
		79202FE21A07B3D0002FD3DA /* Social.framework in Frameworks */ = {isa = PBXBuildFile; fileRef = 79202FE11A07B3D0002FD3DA /* Social.framework */; };
		794256AF1A077CB3001B5098 /* FSViewControllerHelper.swift in Sources */ = {isa = PBXBuildFile; fileRef = 794256AE1A077CB3001B5098 /* FSViewControllerHelper.swift */; };
		7954D6521A011B4A00616581 /* FileLog.m in Sources */ = {isa = PBXBuildFile; fileRef = 7954D6511A011B4A00616581 /* FileLog.m */; };
		7981ADFB1A5D89EF00A7C584 /* ProgressHUD.m in Sources */ = {isa = PBXBuildFile; fileRef = 7981ADFA1A5D89EF00A7C584 /* ProgressHUD.m */; };
		7981ADFE1A5D89F800A7C584 /* progresshud-error@2x.png in Resources */ = {isa = PBXBuildFile; fileRef = 7981ADFC1A5D89F800A7C584 /* progresshud-error@2x.png */; };
		7981ADFF1A5D89F800A7C584 /* progresshud-success@2x.png in Resources */ = {isa = PBXBuildFile; fileRef = 7981ADFD1A5D89F800A7C584 /* progresshud-success@2x.png */; };
		798B7C6B1A6E6E34002D80B4 /* BCProductionControllerTableViewController.m in Sources */ = {isa = PBXBuildFile; fileRef = 798B7C6A1A6E6E34002D80B4 /* BCProductionControllerTableViewController.m */; };
		798B7C6D1A6E82F2002D80B4 /* bluetooth.png in Resources */ = {isa = PBXBuildFile; fileRef = 798B7C6C1A6E82F2002D80B4 /* bluetooth.png */; };
		798B7C6F1A6E841F002D80B4 /* caffeed.png in Resources */ = {isa = PBXBuildFile; fileRef = 798B7C6E1A6E841F002D80B4 /* caffeed.png */; };
		799779651A011373005D53D9 /* BeaconOrderer.m in Sources */ = {isa = PBXBuildFile; fileRef = 799779641A011373005D53D9 /* BeaconOrderer.m */; };
		79E8924D19FFE74D00ED3073 /* main.m in Sources */ = {isa = PBXBuildFile; fileRef = 79E8924C19FFE74D00ED3073 /* main.m */; };
		79E8925019FFE74D00ED3073 /* AppDelegate.m in Sources */ = {isa = PBXBuildFile; fileRef = 79E8924F19FFE74D00ED3073 /* AppDelegate.m */; };
		79E8925319FFE74D00ED3073 /* ViewController.m in Sources */ = {isa = PBXBuildFile; fileRef = 79E8925219FFE74D00ED3073 /* ViewController.m */; };
		79E8925619FFE74D00ED3073 /* Main.storyboard in Resources */ = {isa = PBXBuildFile; fileRef = 79E8925419FFE74D00ED3073 /* Main.storyboard */; };
		79E8925819FFE74D00ED3073 /* Images.xcassets in Resources */ = {isa = PBXBuildFile; fileRef = 79E8925719FFE74D00ED3073 /* Images.xcassets */; };
		79E8925B19FFE74D00ED3073 /* LaunchScreen.xib in Resources */ = {isa = PBXBuildFile; fileRef = 79E8925919FFE74D00ED3073 /* LaunchScreen.xib */; };
		79E8926719FFE74D00ED3073 /* FeedbackBeaconContextTests.m in Sources */ = {isa = PBXBuildFile; fileRef = 79E8926619FFE74D00ED3073 /* FeedbackBeaconContextTests.m */; };
		79E8928219FFE7A300ED3073 /* BCBeacon.m in Sources */ = {isa = PBXBuildFile; fileRef = 79E8927219FFE7A300ED3073 /* BCBeacon.m */; };
		79E8928319FFE7A300ED3073 /* BCBeaconContextViewController.m in Sources */ = {isa = PBXBuildFile; fileRef = 79E8927419FFE7A300ED3073 /* BCBeaconContextViewController.m */; };
		79E8928419FFE7A300ED3073 /* BCBeaconContextViewController.xib in Resources */ = {isa = PBXBuildFile; fileRef = 79E8927519FFE7A300ED3073 /* BCBeaconContextViewController.xib */; };
		79E8928519FFE7A300ED3073 /* BCBeaconMonitor.m in Sources */ = {isa = PBXBuildFile; fileRef = 79E8927719FFE7A300ED3073 /* BCBeaconMonitor.m */; };
		79E8928619FFE7A300ED3073 /* BCContextSaver.m in Sources */ = {isa = PBXBuildFile; fileRef = 79E8927919FFE7A300ED3073 /* BCContextSaver.m */; };
		79E8928719FFE7A300ED3073 /* BCSave.m in Sources */ = {isa = PBXBuildFile; fileRef = 79E8927B19FFE7A300ED3073 /* BCSave.m */; };
		79E8928819FFE7A300ED3073 /* BorderButton.m in Sources */ = {isa = PBXBuildFile; fileRef = 79E8927D19FFE7A300ED3073 /* BorderButton.m */; };
		79E8928919FFE7A300ED3073 /* Crypto.m in Sources */ = {isa = PBXBuildFile; fileRef = 79E8927F19FFE7A300ED3073 /* Crypto.m */; };
		79E8928A19FFE7A300ED3073 /* NSString+Base64.m in Sources */ = {isa = PBXBuildFile; fileRef = 79E8928119FFE7A300ED3073 /* NSString+Base64.m */; };
		79E892BB19FFE88800ED3073 /* FeedbackSheet.swift in Sources */ = {isa = PBXBuildFile; fileRef = 79E8929519FFE88800ED3073 /* FeedbackSheet.swift */; };
		79E892BC19FFE88800ED3073 /* FeedbackSheetManager.swift in Sources */ = {isa = PBXBuildFile; fileRef = 79E8929619FFE88800ED3073 /* FeedbackSheetManager.swift */; };
		79E892BD19FFE88800ED3073 /* FeedbackSheetModule.swift in Sources */ = {isa = PBXBuildFile; fileRef = 79E8929819FFE88800ED3073 /* FeedbackSheetModule.swift */; };
		79E892BE19FFE88800ED3073 /* FeedbackSheetPage.swift in Sources */ = {isa = PBXBuildFile; fileRef = 79E8929919FFE88800ED3073 /* FeedbackSheetPage.swift */; };
		79E892BF19FFE88800ED3073 /* DescriptionModule.swift in Sources */ = {isa = PBXBuildFile; fileRef = 79E8929B19FFE88800ED3073 /* DescriptionModule.swift */; };
		79E892C019FFE88800ED3073 /* ListModule.swift in Sources */ = {isa = PBXBuildFile; fileRef = 79E8929C19FFE88800ED3073 /* ListModule.swift */; };
		79E892C119FFE88800ED3073 /* SliderModule.swift in Sources */ = {isa = PBXBuildFile; fileRef = 79E8929D19FFE88800ED3073 /* SliderModule.swift */; };
		79E892C219FFE88800ED3073 /* TextModule.swift in Sources */ = {isa = PBXBuildFile; fileRef = 79E8929E19FFE88800ED3073 /* TextModule.swift */; };
		79E892C319FFE88800ED3073 /* ToSModule.swift in Sources */ = {isa = PBXBuildFile; fileRef = 79E8929F19FFE88800ED3073 /* ToSModule.swift */; };
		79E892C419FFE88800ED3073 /* CheckboxCell.swift in Sources */ = {isa = PBXBuildFile; fileRef = 79E892A119FFE88800ED3073 /* CheckboxCell.swift */; };
		79E892C519FFE88800ED3073 /* CheckboxCell.xib in Resources */ = {isa = PBXBuildFile; fileRef = 79E892A219FFE88800ED3073 /* CheckboxCell.xib */; };
		79E892C619FFE88800ED3073 /* DateCell.swift in Sources */ = {isa = PBXBuildFile; fileRef = 79E892A319FFE88800ED3073 /* DateCell.swift */; };
		79E892C719FFE88800ED3073 /* DateCell.xib in Resources */ = {isa = PBXBuildFile; fileRef = 79E892A419FFE88800ED3073 /* DateCell.xib */; };
		79E892C819FFE88800ED3073 /* ListCell.swift in Sources */ = {isa = PBXBuildFile; fileRef = 79E892A519FFE88800ED3073 /* ListCell.swift */; };
		79E892C919FFE88800ED3073 /* ListCell.xib in Resources */ = {isa = PBXBuildFile; fileRef = 79E892A619FFE88800ED3073 /* ListCell.xib */; };
		79E892CA19FFE88800ED3073 /* LongListCell.swift in Sources */ = {isa = PBXBuildFile; fileRef = 79E892A719FFE88800ED3073 /* LongListCell.swift */; };
		79E892CB19FFE88800ED3073 /* LongListCell.xib in Resources */ = {isa = PBXBuildFile; fileRef = 79E892A819FFE88800ED3073 /* LongListCell.xib */; };
		79E892CC19FFE88800ED3073 /* ModuleCell.swift in Sources */ = {isa = PBXBuildFile; fileRef = 79E892A919FFE88800ED3073 /* ModuleCell.swift */; };
		79E892CD19FFE88800ED3073 /* PhotoCell.swift in Sources */ = {isa = PBXBuildFile; fileRef = 79E892AA19FFE88800ED3073 /* PhotoCell.swift */; };
		79E892CE19FFE88800ED3073 /* PhotoCell.xib in Resources */ = {isa = PBXBuildFile; fileRef = 79E892AB19FFE88800ED3073 /* PhotoCell.xib */; };
		79E892CF19FFE88800ED3073 /* SliderCell.swift in Sources */ = {isa = PBXBuildFile; fileRef = 79E892AC19FFE88800ED3073 /* SliderCell.swift */; };
		79E892D019FFE88800ED3073 /* SliderCell.xib in Resources */ = {isa = PBXBuildFile; fileRef = 79E892AD19FFE88800ED3073 /* SliderCell.xib */; };
		79E892D119FFE88800ED3073 /* StarRatingCell.swift in Sources */ = {isa = PBXBuildFile; fileRef = 79E892AE19FFE88800ED3073 /* StarRatingCell.swift */; };
		79E892D219FFE88800ED3073 /* StarRatingCell.xib in Resources */ = {isa = PBXBuildFile; fileRef = 79E892AF19FFE88800ED3073 /* StarRatingCell.xib */; };
		79E892D319FFE88800ED3073 /* StarRatingView.swift in Sources */ = {isa = PBXBuildFile; fileRef = 79E892B019FFE88800ED3073 /* StarRatingView.swift */; };
		79E892D519FFE88800ED3073 /* TextAreaCell.swift in Sources */ = {isa = PBXBuildFile; fileRef = 79E892B219FFE88800ED3073 /* TextAreaCell.swift */; };
		79E892D619FFE88800ED3073 /* TextAreaCell.xib in Resources */ = {isa = PBXBuildFile; fileRef = 79E892B319FFE88800ED3073 /* TextAreaCell.xib */; };
		79E892D719FFE88800ED3073 /* TextFieldCell.swift in Sources */ = {isa = PBXBuildFile; fileRef = 79E892B419FFE88800ED3073 /* TextFieldCell.swift */; };
		79E892D819FFE88800ED3073 /* TextFieldCell.xib in Resources */ = {isa = PBXBuildFile; fileRef = 79E892B519FFE88800ED3073 /* TextFieldCell.xib */; };
		79E892D919FFE88800ED3073 /* ToSCell.swift in Sources */ = {isa = PBXBuildFile; fileRef = 79E892B619FFE88800ED3073 /* ToSCell.swift */; };
		79E892DA19FFE88800ED3073 /* ToSCell.xib in Resources */ = {isa = PBXBuildFile; fileRef = 79E892B719FFE88800ED3073 /* ToSCell.xib */; };
		79E892E119FFEA7800ED3073 /* FeedbackSheetGet.m in Sources */ = {isa = PBXBuildFile; fileRef = 79E892E019FFEA7800ED3073 /* FeedbackSheetGet.m */; };
/* End PBXBuildFile section */

/* Begin PBXContainerItemProxy section */
		79E8926119FFE74D00ED3073 /* PBXContainerItemProxy */ = {
			isa = PBXContainerItemProxy;
			containerPortal = 79E8923F19FFE74D00ED3073 /* Project object */;
			proxyType = 1;
			remoteGlobalIDString = 79E8924619FFE74D00ED3073;
			remoteInfo = FeedbackBeaconContext;
		};
/* End PBXContainerItemProxy section */

/* Begin PBXFileReference section */
		79202FBE1A07A40E002FD3DA /* ArrowLastPage.png */ = {isa = PBXFileReference; lastKnownFileType = image.png; path = ArrowLastPage.png; sourceTree = "<group>"; };
		79202FC01A07A40E002FD3DA /* ArrowNextPage.png */ = {isa = PBXFileReference; lastKnownFileType = image.png; path = ArrowNextPage.png; sourceTree = "<group>"; };
		79202FC21A07A40E002FD3DA /* camera.png */ = {isa = PBXFileReference; lastKnownFileType = image.png; path = camera.png; sourceTree = "<group>"; };
		79202FC41A07A40E002FD3DA /* star.png */ = {isa = PBXFileReference; lastKnownFileType = image.png; path = star.png; sourceTree = "<group>"; };
		79202FC61A07A40E002FD3DA /* starHiglighted.png */ = {isa = PBXFileReference; lastKnownFileType = image.png; path = starHiglighted.png; sourceTree = "<group>"; };
		79202FD21A07A44A002FD3DA /* ArrowLastPage@2x.png */ = {isa = PBXFileReference; lastKnownFileType = image.png; path = "ArrowLastPage@2x.png"; sourceTree = "<group>"; };
		79202FD31A07A44A002FD3DA /* ArrowNextPage@2x.png */ = {isa = PBXFileReference; lastKnownFileType = image.png; path = "ArrowNextPage@2x.png"; sourceTree = "<group>"; };
		79202FD41A07A44A002FD3DA /* camera@2x.png */ = {isa = PBXFileReference; lastKnownFileType = image.png; path = "camera@2x.png"; sourceTree = "<group>"; };
		79202FD51A07A44A002FD3DA /* star@2x.png */ = {isa = PBXFileReference; lastKnownFileType = image.png; path = "star@2x.png"; sourceTree = "<group>"; };
		79202FD61A07A44A002FD3DA /* starHiglighted@2x.png */ = {isa = PBXFileReference; lastKnownFileType = image.png; path = "starHiglighted@2x.png"; sourceTree = "<group>"; };
		79202FDC1A07A56B002FD3DA /* FSTableViewController.h */ = {isa = PBXFileReference; fileEncoding = 4; lastKnownFileType = sourcecode.c.h; path = FSTableViewController.h; sourceTree = "<group>"; };
		79202FDD1A07A56B002FD3DA /* FSTableViewController.m */ = {isa = PBXFileReference; fileEncoding = 4; lastKnownFileType = sourcecode.c.objc; path = FSTableViewController.m; sourceTree = "<group>"; };
		79202FDF1A07B2CF002FD3DA /* Accounts.framework */ = {isa = PBXFileReference; lastKnownFileType = wrapper.framework; name = Accounts.framework; path = System/Library/Frameworks/Accounts.framework; sourceTree = SDKROOT; };
		79202FE11A07B3D0002FD3DA /* Social.framework */ = {isa = PBXFileReference; lastKnownFileType = wrapper.framework; name = Social.framework; path = System/Library/Frameworks/Social.framework; sourceTree = SDKROOT; };
		794256AE1A077CB3001B5098 /* FSViewControllerHelper.swift */ = {isa = PBXFileReference; fileEncoding = 4; lastKnownFileType = sourcecode.swift; path = FSViewControllerHelper.swift; sourceTree = "<group>"; };
		7954D6501A011B4A00616581 /* FileLog.h */ = {isa = PBXFileReference; fileEncoding = 4; lastKnownFileType = sourcecode.c.h; path = FileLog.h; sourceTree = "<group>"; };
		7954D6511A011B4A00616581 /* FileLog.m */ = {isa = PBXFileReference; fileEncoding = 4; lastKnownFileType = sourcecode.c.objc; path = FileLog.m; sourceTree = "<group>"; };
		7981ADF91A5D89EF00A7C584 /* ProgressHUD.h */ = {isa = PBXFileReference; fileEncoding = 4; lastKnownFileType = sourcecode.c.h; path = ProgressHUD.h; sourceTree = "<group>"; };
		7981ADFA1A5D89EF00A7C584 /* ProgressHUD.m */ = {isa = PBXFileReference; fileEncoding = 4; lastKnownFileType = sourcecode.c.objc; path = ProgressHUD.m; sourceTree = "<group>"; };
		7981ADFC1A5D89F800A7C584 /* progresshud-error@2x.png */ = {isa = PBXFileReference; lastKnownFileType = image.png; path = "progresshud-error@2x.png"; sourceTree = "<group>"; };
		7981ADFD1A5D89F800A7C584 /* progresshud-success@2x.png */ = {isa = PBXFileReference; lastKnownFileType = image.png; path = "progresshud-success@2x.png"; sourceTree = "<group>"; };
		798B7C691A6E6E34002D80B4 /* BCProductionControllerTableViewController.h */ = {isa = PBXFileReference; fileEncoding = 4; lastKnownFileType = sourcecode.c.h; path = BCProductionControllerTableViewController.h; sourceTree = "<group>"; };
		798B7C6A1A6E6E34002D80B4 /* BCProductionControllerTableViewController.m */ = {isa = PBXFileReference; fileEncoding = 4; lastKnownFileType = sourcecode.c.objc; path = BCProductionControllerTableViewController.m; sourceTree = "<group>"; };
		798B7C6C1A6E82F2002D80B4 /* bluetooth.png */ = {isa = PBXFileReference; lastKnownFileType = image.png; path = bluetooth.png; sourceTree = "<group>"; };
		798B7C6E1A6E841F002D80B4 /* caffeed.png */ = {isa = PBXFileReference; lastKnownFileType = image.png; path = caffeed.png; sourceTree = "<group>"; };
		799779631A011373005D53D9 /* BeaconOrderer.h */ = {isa = PBXFileReference; fileEncoding = 4; lastKnownFileType = sourcecode.c.h; path = BeaconOrderer.h; sourceTree = "<group>"; };
		799779641A011373005D53D9 /* BeaconOrderer.m */ = {isa = PBXFileReference; fileEncoding = 4; lastKnownFileType = sourcecode.c.objc; path = BeaconOrderer.m; sourceTree = "<group>"; };
		79E8924719FFE74D00ED3073 /* FeedbackBeaconContext.app */ = {isa = PBXFileReference; explicitFileType = wrapper.application; includeInIndex = 0; path = FeedbackBeaconContext.app; sourceTree = BUILT_PRODUCTS_DIR; };
		79E8924B19FFE74D00ED3073 /* Info.plist */ = {isa = PBXFileReference; lastKnownFileType = text.plist.xml; path = Info.plist; sourceTree = "<group>"; };
		79E8924C19FFE74D00ED3073 /* main.m */ = {isa = PBXFileReference; lastKnownFileType = sourcecode.c.objc; path = main.m; sourceTree = "<group>"; };
		79E8924E19FFE74D00ED3073 /* AppDelegate.h */ = {isa = PBXFileReference; lastKnownFileType = sourcecode.c.h; path = AppDelegate.h; sourceTree = "<group>"; };
		79E8924F19FFE74D00ED3073 /* AppDelegate.m */ = {isa = PBXFileReference; lastKnownFileType = sourcecode.c.objc; path = AppDelegate.m; sourceTree = "<group>"; };
		79E8925119FFE74D00ED3073 /* ViewController.h */ = {isa = PBXFileReference; lastKnownFileType = sourcecode.c.h; path = ViewController.h; sourceTree = "<group>"; };
		79E8925219FFE74D00ED3073 /* ViewController.m */ = {isa = PBXFileReference; lastKnownFileType = sourcecode.c.objc; path = ViewController.m; sourceTree = "<group>"; };
		79E8925519FFE74D00ED3073 /* Base */ = {isa = PBXFileReference; lastKnownFileType = file.storyboard; name = Base; path = Base.lproj/Main.storyboard; sourceTree = "<group>"; };
		79E8925719FFE74D00ED3073 /* Images.xcassets */ = {isa = PBXFileReference; lastKnownFileType = folder.assetcatalog; path = Images.xcassets; sourceTree = "<group>"; };
		79E8925A19FFE74D00ED3073 /* Base */ = {isa = PBXFileReference; lastKnownFileType = file.xib; name = Base; path = Base.lproj/LaunchScreen.xib; sourceTree = "<group>"; };
		79E8926019FFE74D00ED3073 /* FeedbackBeaconContextTests.xctest */ = {isa = PBXFileReference; explicitFileType = wrapper.cfbundle; includeInIndex = 0; path = FeedbackBeaconContextTests.xctest; sourceTree = BUILT_PRODUCTS_DIR; };
		79E8926519FFE74D00ED3073 /* Info.plist */ = {isa = PBXFileReference; lastKnownFileType = text.plist.xml; path = Info.plist; sourceTree = "<group>"; };
		79E8926619FFE74D00ED3073 /* FeedbackBeaconContextTests.m */ = {isa = PBXFileReference; lastKnownFileType = sourcecode.c.objc; path = FeedbackBeaconContextTests.m; sourceTree = "<group>"; };
		79E8927119FFE7A300ED3073 /* BCBeacon.h */ = {isa = PBXFileReference; fileEncoding = 4; lastKnownFileType = sourcecode.c.h; path = BCBeacon.h; sourceTree = "<group>"; };
		79E8927219FFE7A300ED3073 /* BCBeacon.m */ = {isa = PBXFileReference; fileEncoding = 4; lastKnownFileType = sourcecode.c.objc; path = BCBeacon.m; sourceTree = "<group>"; };
		79E8927319FFE7A300ED3073 /* BCBeaconContextViewController.h */ = {isa = PBXFileReference; fileEncoding = 4; lastKnownFileType = sourcecode.c.h; path = BCBeaconContextViewController.h; sourceTree = "<group>"; };
		79E8927419FFE7A300ED3073 /* BCBeaconContextViewController.m */ = {isa = PBXFileReference; fileEncoding = 4; lastKnownFileType = sourcecode.c.objc; path = BCBeaconContextViewController.m; sourceTree = "<group>"; };
		79E8927519FFE7A300ED3073 /* BCBeaconContextViewController.xib */ = {isa = PBXFileReference; fileEncoding = 4; lastKnownFileType = file.xib; path = BCBeaconContextViewController.xib; sourceTree = "<group>"; };
		79E8927619FFE7A300ED3073 /* BCBeaconMonitor.h */ = {isa = PBXFileReference; fileEncoding = 4; lastKnownFileType = sourcecode.c.h; path = BCBeaconMonitor.h; sourceTree = "<group>"; };
		79E8927719FFE7A300ED3073 /* BCBeaconMonitor.m */ = {isa = PBXFileReference; fileEncoding = 4; lastKnownFileType = sourcecode.c.objc; path = BCBeaconMonitor.m; sourceTree = "<group>"; };
		79E8927819FFE7A300ED3073 /* BCContextSaver.h */ = {isa = PBXFileReference; fileEncoding = 4; lastKnownFileType = sourcecode.c.h; path = BCContextSaver.h; sourceTree = "<group>"; };
		79E8927919FFE7A300ED3073 /* BCContextSaver.m */ = {isa = PBXFileReference; fileEncoding = 4; lastKnownFileType = sourcecode.c.objc; path = BCContextSaver.m; sourceTree = "<group>"; };
		79E8927A19FFE7A300ED3073 /* BCSave.h */ = {isa = PBXFileReference; fileEncoding = 4; lastKnownFileType = sourcecode.c.h; path = BCSave.h; sourceTree = "<group>"; };
		79E8927B19FFE7A300ED3073 /* BCSave.m */ = {isa = PBXFileReference; fileEncoding = 4; lastKnownFileType = sourcecode.c.objc; path = BCSave.m; sourceTree = "<group>"; };
		79E8927C19FFE7A300ED3073 /* BorderButton.h */ = {isa = PBXFileReference; fileEncoding = 4; lastKnownFileType = sourcecode.c.h; path = BorderButton.h; sourceTree = "<group>"; };
		79E8927D19FFE7A300ED3073 /* BorderButton.m */ = {isa = PBXFileReference; fileEncoding = 4; lastKnownFileType = sourcecode.c.objc; path = BorderButton.m; sourceTree = "<group>"; };
		79E8927E19FFE7A300ED3073 /* Crypto.h */ = {isa = PBXFileReference; fileEncoding = 4; lastKnownFileType = sourcecode.c.h; path = Crypto.h; sourceTree = "<group>"; };
		79E8927F19FFE7A300ED3073 /* Crypto.m */ = {isa = PBXFileReference; fileEncoding = 4; lastKnownFileType = sourcecode.c.objc; path = Crypto.m; sourceTree = "<group>"; };
		79E8928019FFE7A300ED3073 /* NSString+Base64.h */ = {isa = PBXFileReference; fileEncoding = 4; lastKnownFileType = sourcecode.c.h; path = "NSString+Base64.h"; sourceTree = "<group>"; };
		79E8928119FFE7A300ED3073 /* NSString+Base64.m */ = {isa = PBXFileReference; fileEncoding = 4; lastKnownFileType = sourcecode.c.objc; path = "NSString+Base64.m"; sourceTree = "<group>"; };
		79E8928D19FFE86200ED3073 /* FeedbackBeaconContext-Bridging-Header.h */ = {isa = PBXFileReference; lastKnownFileType = sourcecode.c.h; path = "FeedbackBeaconContext-Bridging-Header.h"; sourceTree = "<group>"; };
		79E8929519FFE88800ED3073 /* FeedbackSheet.swift */ = {isa = PBXFileReference; fileEncoding = 4; lastKnownFileType = sourcecode.swift; path = FeedbackSheet.swift; sourceTree = "<group>"; };
		79E8929619FFE88800ED3073 /* FeedbackSheetManager.swift */ = {isa = PBXFileReference; fileEncoding = 4; lastKnownFileType = sourcecode.swift; path = FeedbackSheetManager.swift; sourceTree = "<group>"; };
		79E8929719FFE88800ED3073 /* FeedbackSheetManagerDelegate.h */ = {isa = PBXFileReference; fileEncoding = 4; lastKnownFileType = sourcecode.c.h; name = FeedbackSheetManagerDelegate.h; path = Model/FeedbackSheetManagerDelegate.h; sourceTree = "<group>"; };
		79E8929819FFE88800ED3073 /* FeedbackSheetModule.swift */ = {isa = PBXFileReference; fileEncoding = 4; lastKnownFileType = sourcecode.swift; path = FeedbackSheetModule.swift; sourceTree = "<group>"; };
		79E8929919FFE88800ED3073 /* FeedbackSheetPage.swift */ = {isa = PBXFileReference; fileEncoding = 4; lastKnownFileType = sourcecode.swift; path = FeedbackSheetPage.swift; sourceTree = "<group>"; };
		79E8929B19FFE88800ED3073 /* DescriptionModule.swift */ = {isa = PBXFileReference; fileEncoding = 4; lastKnownFileType = sourcecode.swift; path = DescriptionModule.swift; sourceTree = "<group>"; };
		79E8929C19FFE88800ED3073 /* ListModule.swift */ = {isa = PBXFileReference; fileEncoding = 4; lastKnownFileType = sourcecode.swift; path = ListModule.swift; sourceTree = "<group>"; };
		79E8929D19FFE88800ED3073 /* SliderModule.swift */ = {isa = PBXFileReference; fileEncoding = 4; lastKnownFileType = sourcecode.swift; path = SliderModule.swift; sourceTree = "<group>"; };
		79E8929E19FFE88800ED3073 /* TextModule.swift */ = {isa = PBXFileReference; fileEncoding = 4; lastKnownFileType = sourcecode.swift; path = TextModule.swift; sourceTree = "<group>"; };
		79E8929F19FFE88800ED3073 /* ToSModule.swift */ = {isa = PBXFileReference; fileEncoding = 4; lastKnownFileType = sourcecode.swift; path = ToSModule.swift; sourceTree = "<group>"; };
		79E892A119FFE88800ED3073 /* CheckboxCell.swift */ = {isa = PBXFileReference; fileEncoding = 4; lastKnownFileType = sourcecode.swift; path = CheckboxCell.swift; sourceTree = "<group>"; };
		79E892A219FFE88800ED3073 /* CheckboxCell.xib */ = {isa = PBXFileReference; fileEncoding = 4; lastKnownFileType = file.xib; path = CheckboxCell.xib; sourceTree = "<group>"; };
		79E892A319FFE88800ED3073 /* DateCell.swift */ = {isa = PBXFileReference; fileEncoding = 4; lastKnownFileType = sourcecode.swift; path = DateCell.swift; sourceTree = "<group>"; };
		79E892A419FFE88800ED3073 /* DateCell.xib */ = {isa = PBXFileReference; fileEncoding = 4; lastKnownFileType = file.xib; path = DateCell.xib; sourceTree = "<group>"; };
		79E892A519FFE88800ED3073 /* ListCell.swift */ = {isa = PBXFileReference; fileEncoding = 4; lastKnownFileType = sourcecode.swift; path = ListCell.swift; sourceTree = "<group>"; };
		79E892A619FFE88800ED3073 /* ListCell.xib */ = {isa = PBXFileReference; fileEncoding = 4; lastKnownFileType = file.xib; path = ListCell.xib; sourceTree = "<group>"; };
		79E892A719FFE88800ED3073 /* LongListCell.swift */ = {isa = PBXFileReference; fileEncoding = 4; lastKnownFileType = sourcecode.swift; path = LongListCell.swift; sourceTree = "<group>"; };
		79E892A819FFE88800ED3073 /* LongListCell.xib */ = {isa = PBXFileReference; fileEncoding = 4; lastKnownFileType = file.xib; path = LongListCell.xib; sourceTree = "<group>"; };
		79E892A919FFE88800ED3073 /* ModuleCell.swift */ = {isa = PBXFileReference; fileEncoding = 4; lastKnownFileType = sourcecode.swift; path = ModuleCell.swift; sourceTree = "<group>"; };
		79E892AA19FFE88800ED3073 /* PhotoCell.swift */ = {isa = PBXFileReference; fileEncoding = 4; lastKnownFileType = sourcecode.swift; path = PhotoCell.swift; sourceTree = "<group>"; };
		79E892AB19FFE88800ED3073 /* PhotoCell.xib */ = {isa = PBXFileReference; fileEncoding = 4; lastKnownFileType = file.xib; path = PhotoCell.xib; sourceTree = "<group>"; };
		79E892AC19FFE88800ED3073 /* SliderCell.swift */ = {isa = PBXFileReference; fileEncoding = 4; lastKnownFileType = sourcecode.swift; path = SliderCell.swift; sourceTree = "<group>"; };
		79E892AD19FFE88800ED3073 /* SliderCell.xib */ = {isa = PBXFileReference; fileEncoding = 4; lastKnownFileType = file.xib; path = SliderCell.xib; sourceTree = "<group>"; };
		79E892AE19FFE88800ED3073 /* StarRatingCell.swift */ = {isa = PBXFileReference; fileEncoding = 4; lastKnownFileType = sourcecode.swift; path = StarRatingCell.swift; sourceTree = "<group>"; };
		79E892AF19FFE88800ED3073 /* StarRatingCell.xib */ = {isa = PBXFileReference; fileEncoding = 4; lastKnownFileType = file.xib; path = StarRatingCell.xib; sourceTree = "<group>"; };
		79E892B019FFE88800ED3073 /* StarRatingView.swift */ = {isa = PBXFileReference; fileEncoding = 4; lastKnownFileType = sourcecode.swift; path = StarRatingView.swift; sourceTree = "<group>"; };
		79E892B219FFE88800ED3073 /* TextAreaCell.swift */ = {isa = PBXFileReference; fileEncoding = 4; lastKnownFileType = sourcecode.swift; path = TextAreaCell.swift; sourceTree = "<group>"; };
		79E892B319FFE88800ED3073 /* TextAreaCell.xib */ = {isa = PBXFileReference; fileEncoding = 4; lastKnownFileType = file.xib; path = TextAreaCell.xib; sourceTree = "<group>"; };
		79E892B419FFE88800ED3073 /* TextFieldCell.swift */ = {isa = PBXFileReference; fileEncoding = 4; lastKnownFileType = sourcecode.swift; path = TextFieldCell.swift; sourceTree = "<group>"; };
		79E892B519FFE88800ED3073 /* TextFieldCell.xib */ = {isa = PBXFileReference; fileEncoding = 4; lastKnownFileType = file.xib; path = TextFieldCell.xib; sourceTree = "<group>"; };
		79E892B619FFE88800ED3073 /* ToSCell.swift */ = {isa = PBXFileReference; fileEncoding = 4; lastKnownFileType = sourcecode.swift; path = ToSCell.swift; sourceTree = "<group>"; };
		79E892B719FFE88800ED3073 /* ToSCell.xib */ = {isa = PBXFileReference; fileEncoding = 4; lastKnownFileType = file.xib; path = ToSCell.xib; sourceTree = "<group>"; };
		79E892DF19FFEA7800ED3073 /* FeedbackSheetGet.h */ = {isa = PBXFileReference; fileEncoding = 4; lastKnownFileType = sourcecode.c.h; path = FeedbackSheetGet.h; sourceTree = "<group>"; };
		79E892E019FFEA7800ED3073 /* FeedbackSheetGet.m */ = {isa = PBXFileReference; fileEncoding = 4; lastKnownFileType = sourcecode.c.objc; path = FeedbackSheetGet.m; sourceTree = "<group>"; };
/* End PBXFileReference section */

/* Begin PBXFrameworksBuildPhase section */
		79E8924419FFE74D00ED3073 /* Frameworks */ = {
			isa = PBXFrameworksBuildPhase;
			buildActionMask = 2147483647;
			files = (
				79202FE21A07B3D0002FD3DA /* Social.framework in Frameworks */,
				79202FE01A07B2CF002FD3DA /* Accounts.framework in Frameworks */,
			);
			runOnlyForDeploymentPostprocessing = 0;
		};
		79E8925D19FFE74D00ED3073 /* Frameworks */ = {
			isa = PBXFrameworksBuildPhase;
			buildActionMask = 2147483647;
			files = (
			);
			runOnlyForDeploymentPostprocessing = 0;
		};
/* End PBXFrameworksBuildPhase section */

/* Begin PBXGroup section */
		79202FB31A079D08002FD3DA /* images */ = {
			isa = PBXGroup;
			children = (
				798B7C6C1A6E82F2002D80B4 /* bluetooth.png */,
				798B7C6E1A6E841F002D80B4 /* caffeed.png */,
				79202FD21A07A44A002FD3DA /* ArrowLastPage@2x.png */,
				79202FD31A07A44A002FD3DA /* ArrowNextPage@2x.png */,
				79202FD41A07A44A002FD3DA /* camera@2x.png */,
				79202FD51A07A44A002FD3DA /* star@2x.png */,
				79202FD61A07A44A002FD3DA /* starHiglighted@2x.png */,
				79202FBE1A07A40E002FD3DA /* ArrowLastPage.png */,
				79202FC01A07A40E002FD3DA /* ArrowNextPage.png */,
				79202FC21A07A40E002FD3DA /* camera.png */,
				79202FC41A07A40E002FD3DA /* star.png */,
				79202FC61A07A40E002FD3DA /* starHiglighted.png */,
				7981ADFC1A5D89F800A7C584 /* progresshud-error@2x.png */,
				7981ADFD1A5D89F800A7C584 /* progresshud-success@2x.png */,
			);
			path = images;
			sourceTree = "<group>";
		};
		79E8923E19FFE74D00ED3073 = {
			isa = PBXGroup;
			children = (
				79202FE11A07B3D0002FD3DA /* Social.framework */,
				79202FDF1A07B2CF002FD3DA /* Accounts.framework */,
				79E8924919FFE74D00ED3073 /* FeedbackBeaconContext */,
				79E8926319FFE74D00ED3073 /* FeedbackBeaconContextTests */,
				79E8924819FFE74D00ED3073 /* Products */,
			);
			sourceTree = "<group>";
		};
		79E8924819FFE74D00ED3073 /* Products */ = {
			isa = PBXGroup;
			children = (
				79E8924719FFE74D00ED3073 /* FeedbackBeaconContext.app */,
				79E8926019FFE74D00ED3073 /* FeedbackBeaconContextTests.xctest */,
			);
			name = Products;
			sourceTree = "<group>";
		};
		79E8924919FFE74D00ED3073 /* FeedbackBeaconContext */ = {
			isa = PBXGroup;
			children = (
				79202FB31A079D08002FD3DA /* images */,
				79E8927019FFE77800ED3073 /* Beacon */,
				79E8928C19FFE85500ED3073 /* FeedbackSheet */,
				79E8924E19FFE74D00ED3073 /* AppDelegate.h */,
				79E8924F19FFE74D00ED3073 /* AppDelegate.m */,
				79E8925119FFE74D00ED3073 /* ViewController.h */,
				79E8925219FFE74D00ED3073 /* ViewController.m */,
				79E8925419FFE74D00ED3073 /* Main.storyboard */,
				79E8925719FFE74D00ED3073 /* Images.xcassets */,
				79E8925919FFE74D00ED3073 /* LaunchScreen.xib */,
				79E8924A19FFE74D00ED3073 /* Supporting Files */,
			);
			path = FeedbackBeaconContext;
			sourceTree = "<group>";
		};
		79E8924A19FFE74D00ED3073 /* Supporting Files */ = {
			isa = PBXGroup;
			children = (
				79E8924B19FFE74D00ED3073 /* Info.plist */,
				79E8924C19FFE74D00ED3073 /* main.m */,
			);
			name = "Supporting Files";
			sourceTree = "<group>";
		};
		79E8926319FFE74D00ED3073 /* FeedbackBeaconContextTests */ = {
			isa = PBXGroup;
			children = (
				79E8926619FFE74D00ED3073 /* FeedbackBeaconContextTests.m */,
				79E8926419FFE74D00ED3073 /* Supporting Files */,
			);
			path = FeedbackBeaconContextTests;
			sourceTree = "<group>";
		};
		79E8926419FFE74D00ED3073 /* Supporting Files */ = {
			isa = PBXGroup;
			children = (
				79E8926519FFE74D00ED3073 /* Info.plist */,
			);
			name = "Supporting Files";
			sourceTree = "<group>";
		};
		79E8927019FFE77800ED3073 /* Beacon */ = {
			isa = PBXGroup;
			children = (
				79E892DB19FFEA4100ED3073 /* Utility */,
				798B7C691A6E6E34002D80B4 /* BCProductionControllerTableViewController.h */,
				798B7C6A1A6E6E34002D80B4 /* BCProductionControllerTableViewController.m */,
				79E8927319FFE7A300ED3073 /* BCBeaconContextViewController.h */,
				79E8927419FFE7A300ED3073 /* BCBeaconContextViewController.m */,
				79E8927519FFE7A300ED3073 /* BCBeaconContextViewController.xib */,
				79E8927619FFE7A300ED3073 /* BCBeaconMonitor.h */,
				79E8927719FFE7A300ED3073 /* BCBeaconMonitor.m */,
				79E8927819FFE7A300ED3073 /* BCContextSaver.h */,
				79E8927919FFE7A300ED3073 /* BCContextSaver.m */,
				79E892DF19FFEA7800ED3073 /* FeedbackSheetGet.h */,
				79E892E019FFEA7800ED3073 /* FeedbackSheetGet.m */,
				799779631A011373005D53D9 /* BeaconOrderer.h */,
				799779641A011373005D53D9 /* BeaconOrderer.m */,
				7981ADF91A5D89EF00A7C584 /* ProgressHUD.h */,
				7981ADFA1A5D89EF00A7C584 /* ProgressHUD.m */,
			);
			path = Beacon;
			sourceTree = "<group>";
		};
		79E8928C19FFE85500ED3073 /* FeedbackSheet */ = {
			isa = PBXGroup;
			children = (
				79E8929019FFE88800ED3073 /* Controller */,
				79E8929419FFE88800ED3073 /* Model */,
				79E892A019FFE88800ED3073 /* View */,
				79E8928D19FFE86200ED3073 /* FeedbackBeaconContext-Bridging-Header.h */,
				79E8929719FFE88800ED3073 /* FeedbackSheetManagerDelegate.h */,
			);
			path = FeedbackSheet;
			sourceTree = "<group>";
		};
		79E8929019FFE88800ED3073 /* Controller */ = {
			isa = PBXGroup;
			children = (
				794256AE1A077CB3001B5098 /* FSViewControllerHelper.swift */,
				79202FDC1A07A56B002FD3DA /* FSTableViewController.h */,
				79202FDD1A07A56B002FD3DA /* FSTableViewController.m */,
			);
			path = Controller;
			sourceTree = "<group>";
		};
		79E8929419FFE88800ED3073 /* Model */ = {
			isa = PBXGroup;
			children = (
				79E8929519FFE88800ED3073 /* FeedbackSheet.swift */,
				79E8929619FFE88800ED3073 /* FeedbackSheetManager.swift */,
				79E8929819FFE88800ED3073 /* FeedbackSheetModule.swift */,
				79E8929919FFE88800ED3073 /* FeedbackSheetPage.swift */,
				79E8929A19FFE88800ED3073 /* Modules */,
			);
			path = Model;
			sourceTree = "<group>";
		};
		79E8929A19FFE88800ED3073 /* Modules */ = {
			isa = PBXGroup;
			children = (
				79E8929B19FFE88800ED3073 /* DescriptionModule.swift */,
				79E8929C19FFE88800ED3073 /* ListModule.swift */,
				79E8929D19FFE88800ED3073 /* SliderModule.swift */,
				79E8929E19FFE88800ED3073 /* TextModule.swift */,
				79E8929F19FFE88800ED3073 /* ToSModule.swift */,
			);
			path = Modules;
			sourceTree = "<group>";
		};
		79E892A019FFE88800ED3073 /* View */ = {
			isa = PBXGroup;
			children = (
				79E892A119FFE88800ED3073 /* CheckboxCell.swift */,
				79E892A219FFE88800ED3073 /* CheckboxCell.xib */,
				79E892A319FFE88800ED3073 /* DateCell.swift */,
				79E892A419FFE88800ED3073 /* DateCell.xib */,
				79E892A519FFE88800ED3073 /* ListCell.swift */,
				79E892A619FFE88800ED3073 /* ListCell.xib */,
				79E892A719FFE88800ED3073 /* LongListCell.swift */,
				79E892A819FFE88800ED3073 /* LongListCell.xib */,
				79E892A919FFE88800ED3073 /* ModuleCell.swift */,
				79E892AA19FFE88800ED3073 /* PhotoCell.swift */,
				79E892AB19FFE88800ED3073 /* PhotoCell.xib */,
				79E892AC19FFE88800ED3073 /* SliderCell.swift */,
				79E892AD19FFE88800ED3073 /* SliderCell.xib */,
				79E892AE19FFE88800ED3073 /* StarRatingCell.swift */,
				79E892AF19FFE88800ED3073 /* StarRatingCell.xib */,
				79E892B019FFE88800ED3073 /* StarRatingView.swift */,
				79E892B219FFE88800ED3073 /* TextAreaCell.swift */,
				79E892B319FFE88800ED3073 /* TextAreaCell.xib */,
				79E892B419FFE88800ED3073 /* TextFieldCell.swift */,
				79E892B519FFE88800ED3073 /* TextFieldCell.xib */,
				79E892B619FFE88800ED3073 /* ToSCell.swift */,
				79E892B719FFE88800ED3073 /* ToSCell.xib */,
			);
			path = View;
			sourceTree = "<group>";
		};
		79E892DB19FFEA4100ED3073 /* Utility */ = {
			isa = PBXGroup;
			children = (
				79E8927119FFE7A300ED3073 /* BCBeacon.h */,
				79E8927219FFE7A300ED3073 /* BCBeacon.m */,
				79E8927A19FFE7A300ED3073 /* BCSave.h */,
				79E8927B19FFE7A300ED3073 /* BCSave.m */,
				79E8927C19FFE7A300ED3073 /* BorderButton.h */,
				79E8927D19FFE7A300ED3073 /* BorderButton.m */,
				79E8927E19FFE7A300ED3073 /* Crypto.h */,
				79E8927F19FFE7A300ED3073 /* Crypto.m */,
				79E8928019FFE7A300ED3073 /* NSString+Base64.h */,
				79E8928119FFE7A300ED3073 /* NSString+Base64.m */,
				7954D6501A011B4A00616581 /* FileLog.h */,
				7954D6511A011B4A00616581 /* FileLog.m */,
			);
			name = Utility;
			sourceTree = "<group>";
		};
/* End PBXGroup section */

/* Begin PBXNativeTarget section */
		79E8924619FFE74D00ED3073 /* FeedbackBeaconContext */ = {
			isa = PBXNativeTarget;
			buildConfigurationList = 79E8926A19FFE74D00ED3073 /* Build configuration list for PBXNativeTarget "FeedbackBeaconContext" */;
			buildPhases = (
				79E8924319FFE74D00ED3073 /* Sources */,
				79E8924419FFE74D00ED3073 /* Frameworks */,
				79E8924519FFE74D00ED3073 /* Resources */,
			);
			buildRules = (
			);
			dependencies = (
			);
			name = FeedbackBeaconContext;
			productName = FeedbackBeaconContext;
			productReference = 79E8924719FFE74D00ED3073 /* FeedbackBeaconContext.app */;
			productType = "com.apple.product-type.application";
		};
		79E8925F19FFE74D00ED3073 /* FeedbackBeaconContextTests */ = {
			isa = PBXNativeTarget;
			buildConfigurationList = 79E8926D19FFE74D00ED3073 /* Build configuration list for PBXNativeTarget "FeedbackBeaconContextTests" */;
			buildPhases = (
				79E8925C19FFE74D00ED3073 /* Sources */,
				79E8925D19FFE74D00ED3073 /* Frameworks */,
				79E8925E19FFE74D00ED3073 /* Resources */,
			);
			buildRules = (
			);
			dependencies = (
				79E8926219FFE74D00ED3073 /* PBXTargetDependency */,
			);
			name = FeedbackBeaconContextTests;
			productName = FeedbackBeaconContextTests;
			productReference = 79E8926019FFE74D00ED3073 /* FeedbackBeaconContextTests.xctest */;
			productType = "com.apple.product-type.bundle.unit-test";
		};
/* End PBXNativeTarget section */

/* Begin PBXProject section */
		79E8923F19FFE74D00ED3073 /* Project object */ = {
			isa = PBXProject;
			attributes = {
				LastUpgradeCheck = 0610;
				ORGANIZATIONNAME = "Wolf Posdorfer";
				TargetAttributes = {
					79E8924619FFE74D00ED3073 = {
						CreatedOnToolsVersion = 6.1;
						SystemCapabilities = {
							com.apple.BackgroundModes = {
								enabled = 1;
							};
						};
					};
					79E8925F19FFE74D00ED3073 = {
						CreatedOnToolsVersion = 6.1;
						TestTargetID = 79E8924619FFE74D00ED3073;
					};
				};
			};
			buildConfigurationList = 79E8924219FFE74D00ED3073 /* Build configuration list for PBXProject "FeedbackBeaconContext" */;
			compatibilityVersion = "Xcode 3.2";
			developmentRegion = English;
			hasScannedForEncodings = 0;
			knownRegions = (
				en,
				Base,
			);
			mainGroup = 79E8923E19FFE74D00ED3073;
			productRefGroup = 79E8924819FFE74D00ED3073 /* Products */;
			projectDirPath = "";
			projectRoot = "";
			targets = (
				79E8924619FFE74D00ED3073 /* FeedbackBeaconContext */,
				79E8925F19FFE74D00ED3073 /* FeedbackBeaconContextTests */,
			);
		};
/* End PBXProject section */

/* Begin PBXResourcesBuildPhase section */
		79E8924519FFE74D00ED3073 /* Resources */ = {
			isa = PBXResourcesBuildPhase;
			buildActionMask = 2147483647;
			files = (
				79202FCC1A07A40E002FD3DA /* camera.png in Resources */,
				79202FDB1A07A44A002FD3DA /* starHiglighted@2x.png in Resources */,
				79202FC81A07A40E002FD3DA /* ArrowLastPage.png in Resources */,
				798B7C6D1A6E82F2002D80B4 /* bluetooth.png in Resources */,
				79E892DA19FFE88800ED3073 /* ToSCell.xib in Resources */,
				79E8925619FFE74D00ED3073 /* Main.storyboard in Resources */,
				79202FCE1A07A40E002FD3DA /* star.png in Resources */,
				79E892C519FFE88800ED3073 /* CheckboxCell.xib in Resources */,
				798B7C6F1A6E841F002D80B4 /* caffeed.png in Resources */,
				79E892D019FFE88800ED3073 /* SliderCell.xib in Resources */,
				79202FDA1A07A44A002FD3DA /* star@2x.png in Resources */,
				79E892D619FFE88800ED3073 /* TextAreaCell.xib in Resources */,
				79202FCA1A07A40E002FD3DA /* ArrowNextPage.png in Resources */,
				79E8928419FFE7A300ED3073 /* BCBeaconContextViewController.xib in Resources */,
				79E892C719FFE88800ED3073 /* DateCell.xib in Resources */,
				79E8925B19FFE74D00ED3073 /* LaunchScreen.xib in Resources */,
				7981ADFE1A5D89F800A7C584 /* progresshud-error@2x.png in Resources */,
				7981ADFF1A5D89F800A7C584 /* progresshud-success@2x.png in Resources */,
				79202FD01A07A40E002FD3DA /* starHiglighted.png in Resources */,
				79E892CB19FFE88800ED3073 /* LongListCell.xib in Resources */,
				79202FD81A07A44A002FD3DA /* ArrowNextPage@2x.png in Resources */,
				79E892D219FFE88800ED3073 /* StarRatingCell.xib in Resources */,
				79E892CE19FFE88800ED3073 /* PhotoCell.xib in Resources */,
				79E8925819FFE74D00ED3073 /* Images.xcassets in Resources */,
				79202FD91A07A44A002FD3DA /* camera@2x.png in Resources */,
				79E892C919FFE88800ED3073 /* ListCell.xib in Resources */,
				79202FD71A07A44A002FD3DA /* ArrowLastPage@2x.png in Resources */,
				79E892D819FFE88800ED3073 /* TextFieldCell.xib in Resources */,
			);
			runOnlyForDeploymentPostprocessing = 0;
		};
		79E8925E19FFE74D00ED3073 /* Resources */ = {
			isa = PBXResourcesBuildPhase;
			buildActionMask = 2147483647;
			files = (
			);
			runOnlyForDeploymentPostprocessing = 0;
		};
/* End PBXResourcesBuildPhase section */

/* Begin PBXSourcesBuildPhase section */
		79E8924319FFE74D00ED3073 /* Sources */ = {
			isa = PBXSourcesBuildPhase;
			buildActionMask = 2147483647;
			files = (
				79E892D919FFE88800ED3073 /* ToSCell.swift in Sources */,
				79E8928919FFE7A300ED3073 /* Crypto.m in Sources */,
				79E892C019FFE88800ED3073 /* ListModule.swift in Sources */,
				79E8925319FFE74D00ED3073 /* ViewController.m in Sources */,
				79E892BB19FFE88800ED3073 /* FeedbackSheet.swift in Sources */,
				79E892D519FFE88800ED3073 /* TextAreaCell.swift in Sources */,
				79202FDE1A07A56B002FD3DA /* FSTableViewController.m in Sources */,
				79E8925019FFE74D00ED3073 /* AppDelegate.m in Sources */,
				794256AF1A077CB3001B5098 /* FSViewControllerHelper.swift in Sources */,
				79E892C819FFE88800ED3073 /* ListCell.swift in Sources */,
				79E892BD19FFE88800ED3073 /* FeedbackSheetModule.swift in Sources */,
				79E8928319FFE7A300ED3073 /* BCBeaconContextViewController.m in Sources */,
				79E892E119FFEA7800ED3073 /* FeedbackSheetGet.m in Sources */,
				79E892D319FFE88800ED3073 /* StarRatingView.swift in Sources */,
				79E8928819FFE7A300ED3073 /* BorderButton.m in Sources */,
				79E8928219FFE7A300ED3073 /* BCBeacon.m in Sources */,
				79E8928A19FFE7A300ED3073 /* NSString+Base64.m in Sources */,
				798B7C6B1A6E6E34002D80B4 /* BCProductionControllerTableViewController.m in Sources */,
				79E892C619FFE88800ED3073 /* DateCell.swift in Sources */,
				79E892CA19FFE88800ED3073 /* LongListCell.swift in Sources */,
				79E8928619FFE7A300ED3073 /* BCContextSaver.m in Sources */,
				79E892C219FFE88800ED3073 /* TextModule.swift in Sources */,
				79E892CF19FFE88800ED3073 /* SliderCell.swift in Sources */,
				79E8924D19FFE74D00ED3073 /* main.m in Sources */,
				799779651A011373005D53D9 /* BeaconOrderer.m in Sources */,
				79E892C119FFE88800ED3073 /* SliderModule.swift in Sources */,
				79E892D119FFE88800ED3073 /* StarRatingCell.swift in Sources */,
				79E8928519FFE7A300ED3073 /* BCBeaconMonitor.m in Sources */,
				7981ADFB1A5D89EF00A7C584 /* ProgressHUD.m in Sources */,
				79E892C319FFE88800ED3073 /* ToSModule.swift in Sources */,
				7954D6521A011B4A00616581 /* FileLog.m in Sources */,
				79E892CC19FFE88800ED3073 /* ModuleCell.swift in Sources */,
				79E892BC19FFE88800ED3073 /* FeedbackSheetManager.swift in Sources */,
				79E892C419FFE88800ED3073 /* CheckboxCell.swift in Sources */,
				79E892D719FFE88800ED3073 /* TextFieldCell.swift in Sources */,
				79E892BF19FFE88800ED3073 /* DescriptionModule.swift in Sources */,
				79E8928719FFE7A300ED3073 /* BCSave.m in Sources */,
				79E892CD19FFE88800ED3073 /* PhotoCell.swift in Sources */,
				79E892BE19FFE88800ED3073 /* FeedbackSheetPage.swift in Sources */,
			);
			runOnlyForDeploymentPostprocessing = 0;
		};
		79E8925C19FFE74D00ED3073 /* Sources */ = {
			isa = PBXSourcesBuildPhase;
			buildActionMask = 2147483647;
			files = (
				79E8926719FFE74D00ED3073 /* FeedbackBeaconContextTests.m in Sources */,
			);
			runOnlyForDeploymentPostprocessing = 0;
		};
/* End PBXSourcesBuildPhase section */

/* Begin PBXTargetDependency section */
		79E8926219FFE74D00ED3073 /* PBXTargetDependency */ = {
			isa = PBXTargetDependency;
			target = 79E8924619FFE74D00ED3073 /* FeedbackBeaconContext */;
			targetProxy = 79E8926119FFE74D00ED3073 /* PBXContainerItemProxy */;
		};
/* End PBXTargetDependency section */

/* Begin PBXVariantGroup section */
		79E8925419FFE74D00ED3073 /* Main.storyboard */ = {
			isa = PBXVariantGroup;
			children = (
				79E8925519FFE74D00ED3073 /* Base */,
			);
			name = Main.storyboard;
			sourceTree = "<group>";
		};
		79E8925919FFE74D00ED3073 /* LaunchScreen.xib */ = {
			isa = PBXVariantGroup;
			children = (
				79E8925A19FFE74D00ED3073 /* Base */,
			);
			name = LaunchScreen.xib;
			sourceTree = "<group>";
		};
/* End PBXVariantGroup section */

/* Begin XCBuildConfiguration section */
		79E8926819FFE74D00ED3073 /* Debug */ = {
			isa = XCBuildConfiguration;
			buildSettings = {
				ALWAYS_SEARCH_USER_PATHS = NO;
				CLANG_CXX_LANGUAGE_STANDARD = "gnu++0x";
				CLANG_CXX_LIBRARY = "libc++";
				CLANG_ENABLE_MODULES = YES;
				CLANG_ENABLE_OBJC_ARC = YES;
				CLANG_WARN_BOOL_CONVERSION = YES;
				CLANG_WARN_CONSTANT_CONVERSION = YES;
				CLANG_WARN_DIRECT_OBJC_ISA_USAGE = YES_ERROR;
				CLANG_WARN_EMPTY_BODY = YES;
				CLANG_WARN_ENUM_CONVERSION = YES;
				CLANG_WARN_INT_CONVERSION = YES;
				CLANG_WARN_OBJC_ROOT_CLASS = YES_ERROR;
				CLANG_WARN_UNREACHABLE_CODE = YES;
				CLANG_WARN__DUPLICATE_METHOD_MATCH = YES;
				"CODE_SIGN_IDENTITY[sdk=iphoneos*]" = "iPhone Developer";
				COPY_PHASE_STRIP = NO;
				DEFINES_MODULE = YES;
				EMBEDDED_CONTENT_CONTAINS_SWIFT = YES;
				ENABLE_STRICT_OBJC_MSGSEND = YES;
				GCC_C_LANGUAGE_STANDARD = gnu99;
				GCC_DYNAMIC_NO_PIC = NO;
				GCC_OPTIMIZATION_LEVEL = 0;
				GCC_PREPROCESSOR_DEFINITIONS = (
					"DEBUG=1",
					"$(inherited)",
				);
				GCC_SYMBOLS_PRIVATE_EXTERN = NO;
				GCC_WARN_64_TO_32_BIT_CONVERSION = YES;
				GCC_WARN_ABOUT_RETURN_TYPE = YES_ERROR;
				GCC_WARN_UNDECLARED_SELECTOR = YES;
				GCC_WARN_UNINITIALIZED_AUTOS = YES_AGGRESSIVE;
				GCC_WARN_UNUSED_FUNCTION = YES;
				GCC_WARN_UNUSED_VARIABLE = YES;
				IPHONEOS_DEPLOYMENT_TARGET = 7.0;
				MTL_ENABLE_DEBUG_INFO = YES;
				ONLY_ACTIVE_ARCH = YES;
				SDKROOT = iphoneos;
			};
			name = Debug;
		};
		79E8926919FFE74D00ED3073 /* Release */ = {
			isa = XCBuildConfiguration;
			buildSettings = {
				ALWAYS_SEARCH_USER_PATHS = NO;
				CLANG_CXX_LANGUAGE_STANDARD = "gnu++0x";
				CLANG_CXX_LIBRARY = "libc++";
				CLANG_ENABLE_MODULES = YES;
				CLANG_ENABLE_OBJC_ARC = YES;
				CLANG_WARN_BOOL_CONVERSION = YES;
				CLANG_WARN_CONSTANT_CONVERSION = YES;
				CLANG_WARN_DIRECT_OBJC_ISA_USAGE = YES_ERROR;
				CLANG_WARN_EMPTY_BODY = YES;
				CLANG_WARN_ENUM_CONVERSION = YES;
				CLANG_WARN_INT_CONVERSION = YES;
				CLANG_WARN_OBJC_ROOT_CLASS = YES_ERROR;
				CLANG_WARN_UNREACHABLE_CODE = YES;
				CLANG_WARN__DUPLICATE_METHOD_MATCH = YES;
				"CODE_SIGN_IDENTITY[sdk=iphoneos*]" = "iPhone Developer";
				COPY_PHASE_STRIP = YES;
				DEFINES_MODULE = YES;
				EMBEDDED_CONTENT_CONTAINS_SWIFT = YES;
				ENABLE_NS_ASSERTIONS = NO;
				ENABLE_STRICT_OBJC_MSGSEND = YES;
				GCC_C_LANGUAGE_STANDARD = gnu99;
				GCC_WARN_64_TO_32_BIT_CONVERSION = YES;
				GCC_WARN_ABOUT_RETURN_TYPE = YES_ERROR;
				GCC_WARN_UNDECLARED_SELECTOR = YES;
				GCC_WARN_UNINITIALIZED_AUTOS = YES_AGGRESSIVE;
				GCC_WARN_UNUSED_FUNCTION = YES;
				GCC_WARN_UNUSED_VARIABLE = YES;
				IPHONEOS_DEPLOYMENT_TARGET = 7.0;
				MTL_ENABLE_DEBUG_INFO = NO;
				SDKROOT = iphoneos;
				VALIDATE_PRODUCT = YES;
			};
			name = Release;
		};
		79E8926B19FFE74D00ED3073 /* Debug */ = {
			isa = XCBuildConfiguration;
			buildSettings = {
				ASSETCATALOG_COMPILER_APPICON_NAME = AppIcon;
				ASSETCATALOG_COMPILER_LAUNCHIMAGE_NAME = "LaunchImage-2";
				CLANG_ENABLE_MODULES = YES;
				EMBEDDED_CONTENT_CONTAINS_SWIFT = YES;
				INFOPLIST_FILE = FeedbackBeaconContext/Info.plist;
				LD_RUNPATH_SEARCH_PATHS = "$(inherited) @executable_path/Frameworks";
				PRODUCT_NAME = "$(TARGET_NAME)";
				SWIFT_OBJC_BRIDGING_HEADER = "FeedbackBeaconContext/FeedbackSheet/FeedbackBeaconContext-Bridging-Header.h";
				SWIFT_OPTIMIZATION_LEVEL = "-Onone";
			};
			name = Debug;
		};
		79E8926C19FFE74D00ED3073 /* Release */ = {
			isa = XCBuildConfiguration;
			buildSettings = {
				ASSETCATALOG_COMPILER_APPICON_NAME = AppIcon;
				ASSETCATALOG_COMPILER_LAUNCHIMAGE_NAME = "LaunchImage-2";
				CLANG_ENABLE_MODULES = YES;
				EMBEDDED_CONTENT_CONTAINS_SWIFT = YES;
				INFOPLIST_FILE = FeedbackBeaconContext/Info.plist;
				LD_RUNPATH_SEARCH_PATHS = "$(inherited) @executable_path/Frameworks";
				PRODUCT_NAME = "$(TARGET_NAME)";
				SWIFT_OBJC_BRIDGING_HEADER = "FeedbackBeaconContext/FeedbackSheet/FeedbackBeaconContext-Bridging-Header.h";
			};
			name = Release;
		};
		79E8926E19FFE74D00ED3073 /* Debug */ = {
			isa = XCBuildConfiguration;
			buildSettings = {
				BUNDLE_LOADER = "$(TEST_HOST)";
				FRAMEWORK_SEARCH_PATHS = (
					"$(SDKROOT)/Developer/Library/Frameworks",
					"$(inherited)",
				);
				GCC_PREPROCESSOR_DEFINITIONS = (
					"DEBUG=1",
					"$(inherited)",
				);
				INFOPLIST_FILE = FeedbackBeaconContextTests/Info.plist;
				LD_RUNPATH_SEARCH_PATHS = "$(inherited) @executable_path/Frameworks @loader_path/Frameworks";
				PRODUCT_NAME = "$(TARGET_NAME)";
				TEST_HOST = "$(BUILT_PRODUCTS_DIR)/FeedbackBeaconContext.app/FeedbackBeaconContext";
			};
			name = Debug;
		};
		79E8926F19FFE74D00ED3073 /* Release */ = {
			isa = XCBuildConfiguration;
			buildSettings = {
				BUNDLE_LOADER = "$(TEST_HOST)";
				FRAMEWORK_SEARCH_PATHS = (
					"$(SDKROOT)/Developer/Library/Frameworks",
					"$(inherited)",
				);
				INFOPLIST_FILE = FeedbackBeaconContextTests/Info.plist;
				LD_RUNPATH_SEARCH_PATHS = "$(inherited) @executable_path/Frameworks @loader_path/Frameworks";
				PRODUCT_NAME = "$(TARGET_NAME)";
				TEST_HOST = "$(BUILT_PRODUCTS_DIR)/FeedbackBeaconContext.app/FeedbackBeaconContext";
			};
			name = Release;
		};
/* End XCBuildConfiguration section */

/* Begin XCConfigurationList section */
		79E8924219FFE74D00ED3073 /* Build configuration list for PBXProject "FeedbackBeaconContext" */ = {
			isa = XCConfigurationList;
			buildConfigurations = (
				79E8926819FFE74D00ED3073 /* Debug */,
				79E8926919FFE74D00ED3073 /* Release */,
			);
			defaultConfigurationIsVisible = 0;
			defaultConfigurationName = Release;
		};
		79E8926A19FFE74D00ED3073 /* Build configuration list for PBXNativeTarget "FeedbackBeaconContext" */ = {
			isa = XCConfigurationList;
			buildConfigurations = (
				79E8926B19FFE74D00ED3073 /* Debug */,
				79E8926C19FFE74D00ED3073 /* Release */,
			);
			defaultConfigurationIsVisible = 0;
			defaultConfigurationName = Release;
		};
		79E8926D19FFE74D00ED3073 /* Build configuration list for PBXNativeTarget "FeedbackBeaconContextTests" */ = {
			isa = XCConfigurationList;
			buildConfigurations = (
				79E8926E19FFE74D00ED3073 /* Debug */,
				79E8926F19FFE74D00ED3073 /* Release */,
			);
			defaultConfigurationIsVisible = 0;
			defaultConfigurationName = Release;
		};
/* End XCConfigurationList section */
	};
	rootObject = 79E8923F19FFE74D00ED3073 /* Project object */;
}
